
Microsoft Visual Studio Solution File, Format Version 12.00
# Visual Studio Version 17
VisualStudioVersion = 17.12.35514.174
MinimumVisualStudioVersion = 10.0.40219.1
Project("{2150E333-8FDC-42A3-9474-1A3956D46DE8}") = "src", "src", "{300F8F77-0E1E-465B-9AC4-BDD4BDD26CF9}"
EndProject
Project("{2150E333-8FDC-42A3-9474-1A3956D46DE8}") = "01-CreationMode", "01-CreationMode", "{884C001D-9CAC-4F33-834E-734C9E0EE09F}"
EndProject
Project("{2150E333-8FDC-42A3-9474-1A3956D46DE8}") = "02-StructureMode", "02-StructureMode", "{C3C55EC4-14B2-4B25-9ECB-97DE0D0B329C}"
EndProject
Project("{2150E333-8FDC-42A3-9474-1A3956D46DE8}") = "03-BehaviorMode", "03-BehaviorMode", "{1B28CDF8-72A4-495C-8928-99EBE1A8E6DF}"
EndProject
Project("{FAE04EC0-301F-11D3-BF4B-00C04F79EFBC}") = "01-FactoryMethodPattern", "src\01-CreationMode\01-FactoryMethodPattern\01-FactoryMethodPattern.csproj", "{8E76C641-7C30-4C82-A61C-05EE5FDD43EC}"
EndProject
Project("{FAE04EC0-301F-11D3-BF4B-00C04F79EFBC}") = "02-AbstractFactoryPattern", "src\01-CreationMode\02-AbstractFactoryPattern\02-AbstractFactoryPattern.csproj", "{B1368EC4-577E-4210-A4C6-452B752CADC1}"
EndProject
Project("{FAE04EC0-301F-11D3-BF4B-00C04F79EFBC}") = "03-SingletonPattern", "src\01-CreationMode\03-SingletonPattern\03-SingletonPattern.csproj", "{87A02911-A7F3-4ED1-808B-79407438DF86}"
EndProject
Project("{FAE04EC0-301F-11D3-BF4B-00C04F79EFBC}") = "04-BuilderPattern", "src\01-CreationMode\04-BuilderPattern\04-BuilderPattern.csproj", "{CB50702B-9E73-4667-9A8B-03817CD44CF4}"
EndProject
Project("{FAE04EC0-301F-11D3-BF4B-00C04F79EFBC}") = "05-PrototypePattern", "src\01-CreationMode\05-PrototypePattern\05-PrototypePattern.csproj", "{87C46EEF-8656-42B8-95AC-A9C28EBADFC2}"
EndProject
Project("{FAE04EC0-301F-11D3-BF4B-00C04F79EFBC}") = "01-AdapterPattern", "src\02-StructureMode\01-AdapterPattern\01-AdapterPattern.csproj", "{76B615CC-53A3-4200-BDDF-ADB8FEE76DF6}"
EndProject
Project("{FAE04EC0-301F-11D3-BF4B-00C04F79EFBC}") = "02-BridgePattern", "src\02-StructureMode\02-BridgePattern\02-BridgePattern.csproj", "{7F09C543-F042-4FBC-95D4-C0088C59FF0F}"
EndProject
Project("{FAE04EC0-301F-11D3-BF4B-00C04F79EFBC}") = "03-CompositePattern", "src\02-StructureMode\03-CompositePattern\03-CompositePattern.csproj", "{3E5DBB9E-531F-438E-9B1B-4A528941ED4D}"
EndProject
Project("{FAE04EC0-301F-11D3-BF4B-00C04F79EFBC}") = "04-DecoratorPattern", "src\02-StructureMode\04-DecoratorPattern\04-DecoratorPattern.csproj", "{3189023D-BB52-40C6-AEF7-0C18FA70EDB0}"
EndProject
Project("{FAE04EC0-301F-11D3-BF4B-00C04F79EFBC}") = "05-FacadePattern", "src\02-StructureMode\05-FacadePattern\05-FacadePattern.csproj", "{225387EB-E042-4406-8B88-F9B2F3D365D5}"
EndProject
Project("{FAE04EC0-301F-11D3-BF4B-00C04F79EFBC}") = "06-FlyweightPattern", "src\02-StructureMode\06-FlyweightPattern\06-FlyweightPattern.csproj", "{781483D6-32D2-4A0C-BDAE-DA767F0D2272}"
EndProject
Project("{FAE04EC0-301F-11D3-BF4B-00C04F79EFBC}") = "07-ProxyPattern", "src\02-StructureMode\07-ProxyPattern\07-ProxyPattern.csproj", "{FE38249C-8A39-40A3-AFE9-0336667E689C}"
EndProject
Global
	GlobalSection(SolutionConfigurationPlatforms) = preSolution
		Debug|Any CPU = Debug|Any CPU
		Release|Any CPU = Release|Any CPU
	EndGlobalSection
	GlobalSection(ProjectConfigurationPlatforms) = postSolution
		{8E76C641-7C30-4C82-A61C-05EE5FDD43EC}.Debug|Any CPU.ActiveCfg = Debug|Any CPU
		{8E76C641-7C30-4C82-A61C-05EE5FDD43EC}.Debug|Any CPU.Build.0 = Debug|Any CPU
		{8E76C641-7C30-4C82-A61C-05EE5FDD43EC}.Release|Any CPU.ActiveCfg = Release|Any CPU
		{8E76C641-7C30-4C82-A61C-05EE5FDD43EC}.Release|Any CPU.Build.0 = Release|Any CPU
		{B1368EC4-577E-4210-A4C6-452B752CADC1}.Debug|Any CPU.ActiveCfg = Debug|Any CPU
		{B1368EC4-577E-4210-A4C6-452B752CADC1}.Debug|Any CPU.Build.0 = Debug|Any CPU
		{B1368EC4-577E-4210-A4C6-452B752CADC1}.Release|Any CPU.ActiveCfg = Release|Any CPU
		{B1368EC4-577E-4210-A4C6-452B752CADC1}.Release|Any CPU.Build.0 = Release|Any CPU
		{87A02911-A7F3-4ED1-808B-79407438DF86}.Debug|Any CPU.ActiveCfg = Debug|Any CPU
		{87A02911-A7F3-4ED1-808B-79407438DF86}.Debug|Any CPU.Build.0 = Debug|Any CPU
		{87A02911-A7F3-4ED1-808B-79407438DF86}.Release|Any CPU.ActiveCfg = Release|Any CPU
		{87A02911-A7F3-4ED1-808B-79407438DF86}.Release|Any CPU.Build.0 = Release|Any CPU
		{CB50702B-9E73-4667-9A8B-03817CD44CF4}.Debug|Any CPU.ActiveCfg = Debug|Any CPU
		{CB50702B-9E73-4667-9A8B-03817CD44CF4}.Debug|Any CPU.Build.0 = Debug|Any CPU
		{CB50702B-9E73-4667-9A8B-03817CD44CF4}.Release|Any CPU.ActiveCfg = Release|Any CPU
		{CB50702B-9E73-4667-9A8B-03817CD44CF4}.Release|Any CPU.Build.0 = Release|Any CPU
		{87C46EEF-8656-42B8-95AC-A9C28EBADFC2}.Debug|Any CPU.ActiveCfg = Debug|Any CPU
		{87C46EEF-8656-42B8-95AC-A9C28EBADFC2}.Debug|Any CPU.Build.0 = Debug|Any CPU
		{87C46EEF-8656-42B8-95AC-A9C28EBADFC2}.Release|Any CPU.ActiveCfg = Release|Any CPU
		{87C46EEF-8656-42B8-95AC-A9C28EBADFC2}.Release|Any CPU.Build.0 = Release|Any CPU
		{76B615CC-53A3-4200-BDDF-ADB8FEE76DF6}.Debug|Any CPU.ActiveCfg = Debug|Any CPU
		{76B615CC-53A3-4200-BDDF-ADB8FEE76DF6}.Debug|Any CPU.Build.0 = Debug|Any CPU
		{76B615CC-53A3-4200-BDDF-ADB8FEE76DF6}.Release|Any CPU.ActiveCfg = Release|Any CPU
		{76B615CC-53A3-4200-BDDF-ADB8FEE76DF6}.Release|Any CPU.Build.0 = Release|Any CPU
		{7F09C543-F042-4FBC-95D4-C0088C59FF0F}.Debug|Any CPU.ActiveCfg = Debug|Any CPU
		{7F09C543-F042-4FBC-95D4-C0088C59FF0F}.Debug|Any CPU.Build.0 = Debug|Any CPU
		{7F09C543-F042-4FBC-95D4-C0088C59FF0F}.Release|Any CPU.ActiveCfg = Release|Any CPU
		{7F09C543-F042-4FBC-95D4-C0088C59FF0F}.Release|Any CPU.Build.0 = Release|Any CPU
		{3E5DBB9E-531F-438E-9B1B-4A528941ED4D}.Debug|Any CPU.ActiveCfg = Debug|Any CPU
		{3E5DBB9E-531F-438E-9B1B-4A528941ED4D}.Debug|Any CPU.Build.0 = Debug|Any CPU
		{3E5DBB9E-531F-438E-9B1B-4A528941ED4D}.Release|Any CPU.ActiveCfg = Release|Any CPU
		{3E5DBB9E-531F-438E-9B1B-4A528941ED4D}.Release|Any CPU.Build.0 = Release|Any CPU
		{3189023D-BB52-40C6-AEF7-0C18FA70EDB0}.Debug|Any CPU.ActiveCfg = Debug|Any CPU
		{3189023D-BB52-40C6-AEF7-0C18FA70EDB0}.Debug|Any CPU.Build.0 = Debug|Any CPU
		{3189023D-BB52-40C6-AEF7-0C18FA70EDB0}.Release|Any CPU.ActiveCfg = Release|Any CPU
		{3189023D-BB52-40C6-AEF7-0C18FA70EDB0}.Release|Any CPU.Build.0 = Release|Any CPU
		{225387EB-E042-4406-8B88-F9B2F3D365D5}.Debug|Any CPU.ActiveCfg = Debug|Any CPU
		{225387EB-E042-4406-8B88-F9B2F3D365D5}.Debug|Any CPU.Build.0 = Debug|Any CPU
		{225387EB-E042-4406-8B88-F9B2F3D365D5}.Release|Any CPU.ActiveCfg = Release|Any CPU
		{225387EB-E042-4406-8B88-F9B2F3D365D5}.Release|Any CPU.Build.0 = Release|Any CPU
		{781483D6-32D2-4A0C-BDAE-DA767F0D2272}.Debug|Any CPU.ActiveCfg = Debug|Any CPU
		{781483D6-32D2-4A0C-BDAE-DA767F0D2272}.Debug|Any CPU.Build.0 = Debug|Any CPU
		{781483D6-32D2-4A0C-BDAE-DA767F0D2272}.Release|Any CPU.ActiveCfg = Release|Any CPU
		{781483D6-32D2-4A0C-BDAE-DA767F0D2272}.Release|Any CPU.Build.0 = Release|Any CPU
		{FE38249C-8A39-40A3-AFE9-0336667E689C}.Debug|Any CPU.ActiveCfg = Debug|Any CPU
		{FE38249C-8A39-40A3-AFE9-0336667E689C}.Debug|Any CPU.Build.0 = Debug|Any CPU
		{FE38249C-8A39-40A3-AFE9-0336667E689C}.Release|Any CPU.ActiveCfg = Release|Any CPU
		{FE38249C-8A39-40A3-AFE9-0336667E689C}.Release|Any CPU.Build.0 = Release|Any CPU
	EndGlobalSection
	GlobalSection(SolutionProperties) = preSolution
		HideSolutionNode = FALSE
	EndGlobalSection
	GlobalSection(NestedProjects) = preSolution
		{884C001D-9CAC-4F33-834E-734C9E0EE09F} = {300F8F77-0E1E-465B-9AC4-BDD4BDD26CF9}
		{C3C55EC4-14B2-4B25-9ECB-97DE0D0B329C} = {300F8F77-0E1E-465B-9AC4-BDD4BDD26CF9}
		{1B28CDF8-72A4-495C-8928-99EBE1A8E6DF} = {300F8F77-0E1E-465B-9AC4-BDD4BDD26CF9}
		{8E76C641-7C30-4C82-A61C-05EE5FDD43EC} = {884C001D-9CAC-4F33-834E-734C9E0EE09F}
		{B1368EC4-577E-4210-A4C6-452B752CADC1} = {884C001D-9CAC-4F33-834E-734C9E0EE09F}
		{87A02911-A7F3-4ED1-808B-79407438DF86} = {884C001D-9CAC-4F33-834E-734C9E0EE09F}
		{CB50702B-9E73-4667-9A8B-03817CD44CF4} = {884C001D-9CAC-4F33-834E-734C9E0EE09F}
		{87C46EEF-8656-42B8-95AC-A9C28EBADFC2} = {884C001D-9CAC-4F33-834E-734C9E0EE09F}
		{76B615CC-53A3-4200-BDDF-ADB8FEE76DF6} = {C3C55EC4-14B2-4B25-9ECB-97DE0D0B329C}
		{7F09C543-F042-4FBC-95D4-C0088C59FF0F} = {C3C55EC4-14B2-4B25-9ECB-97DE0D0B329C}
		{3E5DBB9E-531F-438E-9B1B-4A528941ED4D} = {C3C55EC4-14B2-4B25-9ECB-97DE0D0B329C}
		{3189023D-BB52-40C6-AEF7-0C18FA70EDB0} = {C3C55EC4-14B2-4B25-9ECB-97DE0D0B329C}
		{225387EB-E042-4406-8B88-F9B2F3D365D5} = {C3C55EC4-14B2-4B25-9ECB-97DE0D0B329C}
		{781483D6-32D2-4A0C-BDAE-DA767F0D2272} = {C3C55EC4-14B2-4B25-9ECB-97DE0D0B329C}
		{FE38249C-8A39-40A3-AFE9-0336667E689C} = {C3C55EC4-14B2-4B25-9ECB-97DE0D0B329C}
	EndGlobalSection
EndGlobal
